
Microsoft Visual Studio Solution File, Format Version 12.00
# Visual Studio Version 17
VisualStudioVersion = 17.4.33103.184
MinimumVisualStudioVersion = 10.0.40219.1
Project("{FAE04EC0-301F-11D3-BF4B-00C04F79EFBC}") = "ConsoleAgeInquisition", "ConsoleAgeInquisition\ConsoleAgeInquisition.csproj", "{11A9DB8B-AABB-4A91-AC15-3396279CE855}"
EndProject
Global
	GlobalSection(SolutionConfigurationPlatforms) = preSolution
		Debug|Any CPU = Debug|Any CPU
		Release|Any CPU = Release|Any CPU
	EndGlobalSection
	GlobalSection(ProjectConfigurationPlatforms) = postSolution
		{11A9DB8B-AABB-4A91-AC15-3396279CE855}.Debug|Any CPU.ActiveCfg = Debug|Any CPU
		{11A9DB8B-AABB-4A91-AC15-3396279CE855}.Debug|Any CPU.Build.0 = Debug|Any CPU
		{11A9DB8B-AABB-4A91-AC15-3396279CE855}.Release|Any CPU.ActiveCfg = Release|Any CPU
		{11A9DB8B-AABB-4A91-AC15-3396279CE855}.Release|Any CPU.Build.0 = Release|Any CPU
	EndGlobalSection
	GlobalSection(SolutionProperties) = preSolution
		HideSolutionNode = FALSE
	EndGlobalSection
	GlobalSection(ExtensibilityGlobals) = postSolution
		SolutionGuid = {9EA567B2-7958-4044-B1D3-A9F1B11FC8B4}
	EndGlobalSection
EndGlobal
